// !$*UTF8*$!
{
	archiveVersion = 1;
	classes = {
	};
	objectVersion = 46;
	objects = {

/* Begin PBXBuildFile section */
		49361C0D13BE4F7000796585 /* adcpin.cpp in Sources */ = {isa = PBXBuildFile; fileRef = 49361B8713BE4F7000796585 /* adcpin.cpp */; };
		49361C0E13BE4F7000796585 /* application.cpp in Sources */ = {isa = PBXBuildFile; fileRef = 49361B8913BE4F7000796585 /* application.cpp */; };
		49361C0F13BE4F7000796585 /* at90canbase.cpp in Sources */ = {isa = PBXBuildFile; fileRef = 49361B8B13BE4F7000796585 /* at90canbase.cpp */; };
		49361C1013BE4F7000796585 /* at4433.cpp in Sources */ = {isa = PBXBuildFile; fileRef = 49361B8D13BE4F7000796585 /* at4433.cpp */; };
		49361C1113BE4F7000796585 /* at8515.cpp in Sources */ = {isa = PBXBuildFile; fileRef = 49361B8F13BE4F7000796585 /* at8515.cpp */; };
		49361C1213BE4F7000796585 /* atmega8.cpp in Sources */ = {isa = PBXBuildFile; fileRef = 49361B9113BE4F7000796585 /* atmega8.cpp */; };
		49361C1313BE4F7000796585 /* atmega16_32.cpp in Sources */ = {isa = PBXBuildFile; fileRef = 49361B9313BE4F7000796585 /* atmega16_32.cpp */; };
		49361C1413BE4F7000796585 /* atmega128.cpp in Sources */ = {isa = PBXBuildFile; fileRef = 49361B9513BE4F7000796585 /* atmega128.cpp */; };
		49361C1513BE4F7000796585 /* atmega668base.cpp in Sources */ = {isa = PBXBuildFile; fileRef = 49361B9713BE4F7000796585 /* atmega668base.cpp */; };
		49361C1613BE4F7000796585 /* atmega1284abase.cpp in Sources */ = {isa = PBXBuildFile; fileRef = 49361B9913BE4F7000796585 /* atmega1284abase.cpp */; };
		49361C1713BE4F7000796585 /* attiny2313.cpp in Sources */ = {isa = PBXBuildFile; fileRef = 49361B9B13BE4F7000796585 /* attiny2313.cpp */; };
		49361C1813BE4F7000796585 /* avrdevice.cpp in Sources */ = {isa = PBXBuildFile; fileRef = 49361B9E13BE4F7000796585 /* avrdevice.cpp */; };
		49361C1913BE4F7000796585 /* avrerror.cpp in Sources */ = {isa = PBXBuildFile; fileRef = 49361BA013BE4F7000796585 /* avrerror.cpp */; };
		49361C1A13BE4F7000796585 /* avrfactory.cpp in Sources */ = {isa = PBXBuildFile; fileRef = 49361BA213BE4F7000796585 /* avrfactory.cpp */; };
		49361C1B13BE4F7000796585 /* avrmalloc.cpp in Sources */ = {isa = PBXBuildFile; fileRef = 49361BA413BE4F7000796585 /* avrmalloc.cpp */; };
		49361C1C13BE4F7000796585 /* decoder_trace.cpp in Sources */ = {isa = PBXBuildFile; fileRef = 49361BA813BE4F7000796585 /* decoder_trace.cpp */; };
		49361C1D13BE4F7000796585 /* decoder.cpp in Sources */ = {isa = PBXBuildFile; fileRef = 49361BA913BE4F7000796585 /* decoder.cpp */; };
		49361C1E13BE4F7000796585 /* externalirq.cpp in Sources */ = {isa = PBXBuildFile; fileRef = 49361BAB13BE4F7000796585 /* externalirq.cpp */; };
		49361C1F13BE4F7000796585 /* flash.cpp in Sources */ = {isa = PBXBuildFile; fileRef = 49361BAE13BE4F7000796585 /* flash.cpp */; };
		49361C2013BE4F7000796585 /* flashprog.cpp in Sources */ = {isa = PBXBuildFile; fileRef = 49361BB013BE4F7000796585 /* flashprog.cpp */; };
		49361C2113BE4F7000796585 /* hardware.cpp in Sources */ = {isa = PBXBuildFile; fileRef = 49361BB413BE4F7000796585 /* hardware.cpp */; };
		49361C2213BE4F7000796585 /* helper.cpp in Sources */ = {isa = PBXBuildFile; fileRef = 49361BB613BE4F7000796585 /* helper.cpp */; };
		49361C2313BE4F7000796585 /* hwacomp.cpp in Sources */ = {isa = PBXBuildFile; fileRef = 49361BB813BE4F7000796585 /* hwacomp.cpp */; };
		49361C2413BE4F7000796585 /* hwad.cpp in Sources */ = {isa = PBXBuildFile; fileRef = 49361BBA13BE4F7000796585 /* hwad.cpp */; };
		49361C2513BE4F7000796585 /* hweeprom.cpp in Sources */ = {isa = PBXBuildFile; fileRef = 49361BBD13BE4F7000796585 /* hweeprom.cpp */; };
		49361C2613BE4F7000796585 /* hwpinchange.cpp in Sources */ = {isa = PBXBuildFile; fileRef = 49361BBF13BE4F7000796585 /* hwpinchange.cpp */; };
		49361C2713BE4F7000796585 /* hwport.cpp in Sources */ = {isa = PBXBuildFile; fileRef = 49361BC113BE4F7000796585 /* hwport.cpp */; };
		49361C2813BE4F7000796585 /* hwspi.cpp in Sources */ = {isa = PBXBuildFile; fileRef = 49361BC313BE4F7000796585 /* hwspi.cpp */; };
		49361C2913BE4F7000796585 /* hwsreg.cpp in Sources */ = {isa = PBXBuildFile; fileRef = 49361BC513BE4F7000796585 /* hwsreg.cpp */; };
		49361C2A13BE4F7000796585 /* hwstack.cpp in Sources */ = {isa = PBXBuildFile; fileRef = 49361BC713BE4F7000796585 /* hwstack.cpp */; };
		49361C2B13BE4F7000796585 /* hwtimer.cpp in Sources */ = {isa = PBXBuildFile; fileRef = 49361BCA13BE4F7000796585 /* hwtimer.cpp */; };
		49361C2C13BE4F7000796585 /* icapturesrc.cpp in Sources */ = {isa = PBXBuildFile; fileRef = 49361BCC13BE4F7000796585 /* icapturesrc.cpp */; };
		49361C2D13BE4F7000796585 /* prescalermux.cpp in Sources */ = {isa = PBXBuildFile; fileRef = 49361BCE13BE4F7000796585 /* prescalermux.cpp */; };
		49361C2E13BE4F7000796585 /* timerirq.cpp in Sources */ = {isa = PBXBuildFile; fileRef = 49361BD013BE4F7000796585 /* timerirq.cpp */; };
		49361C2F13BE4F7000796585 /* timerprescaler.cpp in Sources */ = {isa = PBXBuildFile; fileRef = 49361BD213BE4F7000796585 /* timerprescaler.cpp */; };
		49361C3013BE4F7000796585 /* hwuart.cpp in Sources */ = {isa = PBXBuildFile; fileRef = 49361BD413BE4F7000796585 /* hwuart.cpp */; };
		49361C3113BE4F7000796585 /* hwwado.cpp in Sources */ = {isa = PBXBuildFile; fileRef = 49361BD613BE4F7000796585 /* hwwado.cpp */; };
		49361C3213BE4F7000796585 /* ioregs.cpp in Sources */ = {isa = PBXBuildFile; fileRef = 49361BD813BE4F7000796585 /* ioregs.cpp */; };
		49361C3313BE4F7000796585 /* irqsystem.cpp in Sources */ = {isa = PBXBuildFile; fileRef = 49361BDA13BE4F7000796585 /* irqsystem.cpp */; };
		49361C3413BE4F7000796585 /* memory.cpp in Sources */ = {isa = PBXBuildFile; fileRef = 49361BDC13BE4F7000796585 /* memory.cpp */; };
		49361C3513BE4F7000796585 /* net.cpp in Sources */ = {isa = PBXBuildFile; fileRef = 49361BDE13BE4F7000796585 /* net.cpp */; };
		49361C3613BE4F7000796585 /* pin.cpp in Sources */ = {isa = PBXBuildFile; fileRef = 49361BE013BE4F7000796585 /* pin.cpp */; };
		49361C3713BE4F7000796585 /* pinatport.cpp in Sources */ = {isa = PBXBuildFile; fileRef = 49361BE213BE4F7000796585 /* pinatport.cpp */; };
		49361C3813BE4F7000796585 /* pinmon.cpp in Sources */ = {isa = PBXBuildFile; fileRef = 49361BE413BE4F7000796585 /* pinmon.cpp */; };
		49361C3913BE4F7000796585 /* rwmem.cpp in Sources */ = {isa = PBXBuildFile; fileRef = 49361BE813BE4F7000796585 /* rwmem.cpp */; };
		49361C3A13BE4F7000796585 /* specialmem.cpp in Sources */ = {isa = PBXBuildFile; fileRef = 49361BEB13BE4F7000796585 /* specialmem.cpp */; };
		49361C3B13BE4F7000796585 /* spisink.cpp in Sources */ = {isa = PBXBuildFile; fileRef = 49361BED13BE4F7000796585 /* spisink.cpp */; };
		49361C3C13BE4F7000796585 /* spisrc.cpp in Sources */ = {isa = PBXBuildFile; fileRef = 49361BEF13BE4F7000796585 /* spisrc.cpp */; };
		49361C3D13BE4F7000796585 /* string2.cpp in Sources */ = {isa = PBXBuildFile; fileRef = 49361BF213BE4F7000796585 /* string2.cpp */; };
		49361C3E13BE4F7000796585 /* systemclock.cpp in Sources */ = {isa = PBXBuildFile; fileRef = 49361BF413BE4F7000796585 /* systemclock.cpp */; };
		49361C3F13BE4F7000796585 /* traceval.cpp in Sources */ = {isa = PBXBuildFile; fileRef = 49361BF713BE4F7000796585 /* traceval.cpp */; };
		49361C4013BE4F7000796585 /* extpin.cpp in Sources */ = {isa = PBXBuildFile; fileRef = 49361BFB13BE4F7000796585 /* extpin.cpp */; };
		49361C4113BE4F7000796585 /* keyboard.cpp in Sources */ = {isa = PBXBuildFile; fileRef = 49361BFD13BE4F7000796585 /* keyboard.cpp */; };
		49361C4213BE4F7000796585 /* keynumber_to_scancode.dat in Resources */ = {isa = PBXBuildFile; fileRef = 49361BFF13BE4F7000796585 /* keynumber_to_scancode.dat */; };
		49361C4313BE4F7000796585 /* lcd.cpp in Sources */ = {isa = PBXBuildFile; fileRef = 49361C0113BE4F7000796585 /* lcd.cpp */; };
		49361C4413BE4F7000796585 /* mysocket.cpp in Sources */ = {isa = PBXBuildFile; fileRef = 49361C0313BE4F7000796585 /* mysocket.cpp */; };
		49361C4513BE4F7000796585 /* scope.cpp in Sources */ = {isa = PBXBuildFile; fileRef = 49361C0513BE4F7000796585 /* scope.cpp */; };
		49361C4613BE4F7000796585 /* serialrx.cpp in Sources */ = {isa = PBXBuildFile; fileRef = 49361C0713BE4F7000796585 /* serialrx.cpp */; };
		49361C4713BE4F7000796585 /* serialtx.cpp in Sources */ = {isa = PBXBuildFile; fileRef = 49361C0913BE4F7000796585 /* serialtx.cpp */; };
		49361C4813BE4F7000796585 /* ui.cpp in Sources */ = {isa = PBXBuildFile; fileRef = 49361C0B13BE4F7000796585 /* ui.cpp */; };
		4975257F13BE3A1E00909F66 /* Cocoa.framework in Frameworks */ = {isa = PBXBuildFile; fileRef = 4975257E13BE3A1E00909F66 /* Cocoa.framework */; };
		4975258913BE3A1E00909F66 /* InfoPlist.strings in Resources */ = {isa = PBXBuildFile; fileRef = 4975258713BE3A1E00909F66 /* InfoPlist.strings */; };
		4975258B13BE3A1E00909F66 /* main.m in Sources */ = {isa = PBXBuildFile; fileRef = 4975258A13BE3A1E00909F66 /* main.m */; };
		4975258F13BE3A1E00909F66 /* Credits.rtf in Resources */ = {isa = PBXBuildFile; fileRef = 4975258D13BE3A1E00909F66 /* Credits.rtf */; };
		4975259213BE3A1E00909F66 /* avrsimAppDelegate.m in Sources */ = {isa = PBXBuildFile; fileRef = 4975259113BE3A1E00909F66 /* avrsimAppDelegate.m */; };
		4975259513BE3A1E00909F66 /* MainMenu.xib in Resources */ = {isa = PBXBuildFile; fileRef = 4975259313BE3A1E00909F66 /* MainMenu.xib */; };
		4975259813BE3A1E00909F66 /* avrsim.xcdatamodeld in Sources */ = {isa = PBXBuildFile; fileRef = 4975259613BE3A1E00909F66 /* avrsim.xcdatamodeld */; };
		497525A013BE3A1E00909F66 /* SenTestingKit.framework in Frameworks */ = {isa = PBXBuildFile; fileRef = 4975259F13BE3A1E00909F66 /* SenTestingKit.framework */; };
		497525A113BE3A1E00909F66 /* Cocoa.framework in Frameworks */ = {isa = PBXBuildFile; fileRef = 4975257E13BE3A1E00909F66 /* Cocoa.framework */; };
		497525A913BE3A1F00909F66 /* InfoPlist.strings in Resources */ = {isa = PBXBuildFile; fileRef = 497525A713BE3A1F00909F66 /* InfoPlist.strings */; };
		497525AB13BE3A1F00909F66 /* avrsimTests.h in Resources */ = {isa = PBXBuildFile; fileRef = 497525AA13BE3A1F00909F66 /* avrsimTests.h */; };
		497525AD13BE3A1F00909F66 /* avrsimTests.m in Sources */ = {isa = PBXBuildFile; fileRef = 497525AC13BE3A1F00909F66 /* avrsimTests.m */; };
/* End PBXBuildFile section */

/* Begin PBXContainerItemProxy section */
		497525A213BE3A1E00909F66 /* PBXContainerItemProxy */ = {
			isa = PBXContainerItemProxy;
			containerPortal = 4975257113BE3A1E00909F66 /* Project object */;
			proxyType = 1;
			remoteGlobalIDString = 4975257913BE3A1E00909F66;
			remoteInfo = avrsim;
		};
/* End PBXContainerItemProxy section */

/* Begin PBXFileReference section */
		49361B8713BE4F7000796585 /* adcpin.cpp */ = {isa = PBXFileReference; fileEncoding = 4; lastKnownFileType = sourcecode.cpp.cpp; name = adcpin.cpp; path = simulavr/adcpin.cpp; sourceTree = "<group>"; };
		49361B8813BE4F7000796585 /* adcpin.h */ = {isa = PBXFileReference; fileEncoding = 4; lastKnownFileType = sourcecode.c.h; name = adcpin.h; path = simulavr/adcpin.h; sourceTree = "<group>"; };
		49361B8913BE4F7000796585 /* application.cpp */ = {isa = PBXFileReference; fileEncoding = 4; lastKnownFileType = sourcecode.cpp.cpp; name = application.cpp; path = simulavr/application.cpp; sourceTree = "<group>"; };
		49361B8A13BE4F7000796585 /* application.h */ = {isa = PBXFileReference; fileEncoding = 4; lastKnownFileType = sourcecode.c.h; name = application.h; path = simulavr/application.h; sourceTree = "<group>"; };
		49361B8B13BE4F7000796585 /* at90canbase.cpp */ = {isa = PBXFileReference; fileEncoding = 4; lastKnownFileType = sourcecode.cpp.cpp; name = at90canbase.cpp; path = simulavr/at90canbase.cpp; sourceTree = "<group>"; };
		49361B8C13BE4F7000796585 /* at90canbase.h */ = {isa = PBXFileReference; fileEncoding = 4; lastKnownFileType = sourcecode.c.h; name = at90canbase.h; path = simulavr/at90canbase.h; sourceTree = "<group>"; };
		49361B8D13BE4F7000796585 /* at4433.cpp */ = {isa = PBXFileReference; fileEncoding = 4; lastKnownFileType = sourcecode.cpp.cpp; name = at4433.cpp; path = simulavr/at4433.cpp; sourceTree = "<group>"; };
		49361B8E13BE4F7000796585 /* at4433.h */ = {isa = PBXFileReference; fileEncoding = 4; lastKnownFileType = sourcecode.c.h; name = at4433.h; path = simulavr/at4433.h; sourceTree = "<group>"; };
		49361B8F13BE4F7000796585 /* at8515.cpp */ = {isa = PBXFileReference; fileEncoding = 4; lastKnownFileType = sourcecode.cpp.cpp; name = at8515.cpp; path = simulavr/at8515.cpp; sourceTree = "<group>"; };
		49361B9013BE4F7000796585 /* at8515.h */ = {isa = PBXFileReference; fileEncoding = 4; lastKnownFileType = sourcecode.c.h; name = at8515.h; path = simulavr/at8515.h; sourceTree = "<group>"; };
		49361B9113BE4F7000796585 /* atmega8.cpp */ = {isa = PBXFileReference; fileEncoding = 4; lastKnownFileType = sourcecode.cpp.cpp; name = atmega8.cpp; path = simulavr/atmega8.cpp; sourceTree = "<group>"; };
		49361B9213BE4F7000796585 /* atmega8.h */ = {isa = PBXFileReference; fileEncoding = 4; lastKnownFileType = sourcecode.c.h; name = atmega8.h; path = simulavr/atmega8.h; sourceTree = "<group>"; };
		49361B9313BE4F7000796585 /* atmega16_32.cpp */ = {isa = PBXFileReference; fileEncoding = 4; lastKnownFileType = sourcecode.cpp.cpp; name = atmega16_32.cpp; path = simulavr/atmega16_32.cpp; sourceTree = "<group>"; };
		49361B9413BE4F7000796585 /* atmega16_32.h */ = {isa = PBXFileReference; fileEncoding = 4; lastKnownFileType = sourcecode.c.h; name = atmega16_32.h; path = simulavr/atmega16_32.h; sourceTree = "<group>"; };
		49361B9513BE4F7000796585 /* atmega128.cpp */ = {isa = PBXFileReference; fileEncoding = 4; lastKnownFileType = sourcecode.cpp.cpp; name = atmega128.cpp; path = simulavr/atmega128.cpp; sourceTree = "<group>"; };
		49361B9613BE4F7000796585 /* atmega128.h */ = {isa = PBXFileReference; fileEncoding = 4; lastKnownFileType = sourcecode.c.h; name = atmega128.h; path = simulavr/atmega128.h; sourceTree = "<group>"; };
		49361B9713BE4F7000796585 /* atmega668base.cpp */ = {isa = PBXFileReference; fileEncoding = 4; lastKnownFileType = sourcecode.cpp.cpp; name = atmega668base.cpp; path = simulavr/atmega668base.cpp; sourceTree = "<group>"; };
		49361B9813BE4F7000796585 /* atmega668base.h */ = {isa = PBXFileReference; fileEncoding = 4; lastKnownFileType = sourcecode.c.h; name = atmega668base.h; path = simulavr/atmega668base.h; sourceTree = "<group>"; };
		49361B9913BE4F7000796585 /* atmega1284abase.cpp */ = {isa = PBXFileReference; fileEncoding = 4; lastKnownFileType = sourcecode.cpp.cpp; name = atmega1284abase.cpp; path = simulavr/atmega1284abase.cpp; sourceTree = "<group>"; };
		49361B9A13BE4F7000796585 /* atmega1284abase.h */ = {isa = PBXFileReference; fileEncoding = 4; lastKnownFileType = sourcecode.c.h; name = atmega1284abase.h; path = simulavr/atmega1284abase.h; sourceTree = "<group>"; };
		49361B9B13BE4F7000796585 /* attiny2313.cpp */ = {isa = PBXFileReference; fileEncoding = 4; lastKnownFileType = sourcecode.cpp.cpp; name = attiny2313.cpp; path = simulavr/attiny2313.cpp; sourceTree = "<group>"; };
		49361B9C13BE4F7000796585 /* attiny2313.h */ = {isa = PBXFileReference; fileEncoding = 4; lastKnownFileType = sourcecode.c.h; name = attiny2313.h; path = simulavr/attiny2313.h; sourceTree = "<group>"; };
		49361B9D13BE4F7000796585 /* avrdevice_impl.h */ = {isa = PBXFileReference; fileEncoding = 4; lastKnownFileType = sourcecode.c.h; name = avrdevice_impl.h; path = simulavr/avrdevice_impl.h; sourceTree = "<group>"; };
		49361B9E13BE4F7000796585 /* avrdevice.cpp */ = {isa = PBXFileReference; fileEncoding = 4; lastKnownFileType = sourcecode.cpp.cpp; name = avrdevice.cpp; path = simulavr/avrdevice.cpp; sourceTree = "<group>"; };
		49361B9F13BE4F7000796585 /* avrdevice.h */ = {isa = PBXFileReference; fileEncoding = 4; lastKnownFileType = sourcecode.c.h; name = avrdevice.h; path = simulavr/avrdevice.h; sourceTree = "<group>"; };
		49361BA013BE4F7000796585 /* avrerror.cpp */ = {isa = PBXFileReference; fileEncoding = 4; lastKnownFileType = sourcecode.cpp.cpp; name = avrerror.cpp; path = simulavr/avrerror.cpp; sourceTree = "<group>"; };
		49361BA113BE4F7000796585 /* avrerror.h */ = {isa = PBXFileReference; fileEncoding = 4; lastKnownFileType = sourcecode.c.h; name = avrerror.h; path = simulavr/avrerror.h; sourceTree = "<group>"; };
		49361BA213BE4F7000796585 /* avrfactory.cpp */ = {isa = PBXFileReference; fileEncoding = 4; lastKnownFileType = sourcecode.cpp.cpp; name = avrfactory.cpp; path = simulavr/avrfactory.cpp; sourceTree = "<group>"; };
		49361BA313BE4F7000796585 /* avrfactory.h */ = {isa = PBXFileReference; fileEncoding = 4; lastKnownFileType = sourcecode.c.h; name = avrfactory.h; path = simulavr/avrfactory.h; sourceTree = "<group>"; };
		49361BA413BE4F7000796585 /* avrmalloc.cpp */ = {isa = PBXFileReference; fileEncoding = 4; lastKnownFileType = sourcecode.cpp.cpp; name = avrmalloc.cpp; path = simulavr/avrmalloc.cpp; sourceTree = "<group>"; };
		49361BA513BE4F7000796585 /* avrmalloc.h */ = {isa = PBXFileReference; fileEncoding = 4; lastKnownFileType = sourcecode.c.h; name = avrmalloc.h; path = simulavr/avrmalloc.h; sourceTree = "<group>"; };
		49361BA613BE4F7000796585 /* breakpoint.h */ = {isa = PBXFileReference; fileEncoding = 4; lastKnownFileType = sourcecode.c.h; name = breakpoint.h; path = simulavr/breakpoint.h; sourceTree = "<group>"; };
		49361BA713BE4F7000796585 /* config.h */ = {isa = PBXFileReference; fileEncoding = 4; lastKnownFileType = sourcecode.c.h; name = config.h; path = simulavr/config.h; sourceTree = "<group>"; };
		49361BA813BE4F7000796585 /* decoder_trace.cpp */ = {isa = PBXFileReference; fileEncoding = 4; lastKnownFileType = sourcecode.cpp.cpp; name = decoder_trace.cpp; path = simulavr/decoder_trace.cpp; sourceTree = "<group>"; };
		49361BA913BE4F7000796585 /* decoder.cpp */ = {isa = PBXFileReference; fileEncoding = 4; lastKnownFileType = sourcecode.cpp.cpp; name = decoder.cpp; path = simulavr/decoder.cpp; sourceTree = "<group>"; };
		49361BAA13BE4F7000796585 /* decoder.h */ = {isa = PBXFileReference; fileEncoding = 4; lastKnownFileType = sourcecode.c.h; name = decoder.h; path = simulavr/decoder.h; sourceTree = "<group>"; };
		49361BAB13BE4F7000796585 /* externalirq.cpp */ = {isa = PBXFileReference; fileEncoding = 4; lastKnownFileType = sourcecode.cpp.cpp; name = externalirq.cpp; path = simulavr/externalirq.cpp; sourceTree = "<group>"; };
		49361BAC13BE4F7000796585 /* externalirq.h */ = {isa = PBXFileReference; fileEncoding = 4; lastKnownFileType = sourcecode.c.h; name = externalirq.h; path = simulavr/externalirq.h; sourceTree = "<group>"; };
		49361BAD13BE4F7000796585 /* externaltype.h */ = {isa = PBXFileReference; fileEncoding = 4; lastKnownFileType = sourcecode.c.h; name = externaltype.h; path = simulavr/externaltype.h; sourceTree = "<group>"; };
		49361BAE13BE4F7000796585 /* flash.cpp */ = {isa = PBXFileReference; fileEncoding = 4; lastKnownFileType = sourcecode.cpp.cpp; name = flash.cpp; path = simulavr/flash.cpp; sourceTree = "<group>"; };
		49361BAF13BE4F7000796585 /* flash.h */ = {isa = PBXFileReference; fileEncoding = 4; lastKnownFileType = sourcecode.c.h; name = flash.h; path = simulavr/flash.h; sourceTree = "<group>"; };
		49361BB013BE4F7000796585 /* flashprog.cpp */ = {isa = PBXFileReference; fileEncoding = 4; lastKnownFileType = sourcecode.cpp.cpp; name = flashprog.cpp; path = simulavr/flashprog.cpp; sourceTree = "<group>"; };
		49361BB113BE4F7000796585 /* flashprog.h */ = {isa = PBXFileReference; fileEncoding = 4; lastKnownFileType = sourcecode.c.h; name = flashprog.h; path = simulavr/flashprog.h; sourceTree = "<group>"; };
		49361BB213BE4F7000796585 /* funktor.h */ = {isa = PBXFileReference; fileEncoding = 4; lastKnownFileType = sourcecode.c.h; name = funktor.h; path = simulavr/funktor.h; sourceTree = "<group>"; };
		49361BB313BE4F7000796585 /* global.h */ = {isa = PBXFileReference; fileEncoding = 4; lastKnownFileType = sourcecode.c.h; name = global.h; path = simulavr/global.h; sourceTree = "<group>"; };
		49361BB413BE4F7000796585 /* hardware.cpp */ = {isa = PBXFileReference; fileEncoding = 4; lastKnownFileType = sourcecode.cpp.cpp; name = hardware.cpp; path = simulavr/hardware.cpp; sourceTree = "<group>"; };
		49361BB513BE4F7000796585 /* hardware.h */ = {isa = PBXFileReference; fileEncoding = 4; lastKnownFileType = sourcecode.c.h; name = hardware.h; path = simulavr/hardware.h; sourceTree = "<group>"; };
		49361BB613BE4F7000796585 /* helper.cpp */ = {isa = PBXFileReference; fileEncoding = 4; lastKnownFileType = sourcecode.cpp.cpp; name = helper.cpp; path = simulavr/helper.cpp; sourceTree = "<group>"; };
		49361BB713BE4F7000796585 /* helper.h */ = {isa = PBXFileReference; fileEncoding = 4; lastKnownFileType = sourcecode.c.h; name = helper.h; path = simulavr/helper.h; sourceTree = "<group>"; };
		49361BB813BE4F7000796585 /* hwacomp.cpp */ = {isa = PBXFileReference; fileEncoding = 4; lastKnownFileType = sourcecode.cpp.cpp; name = hwacomp.cpp; path = simulavr/hwacomp.cpp; sourceTree = "<group>"; };
		49361BB913BE4F7000796585 /* hwacomp.h */ = {isa = PBXFileReference; fileEncoding = 4; lastKnownFileType = sourcecode.c.h; name = hwacomp.h; path = simulavr/hwacomp.h; sourceTree = "<group>"; };
		49361BBA13BE4F7000796585 /* hwad.cpp */ = {isa = PBXFileReference; fileEncoding = 4; lastKnownFileType = sourcecode.cpp.cpp; name = hwad.cpp; path = simulavr/hwad.cpp; sourceTree = "<group>"; };
		49361BBB13BE4F7000796585 /* hwad.h */ = {isa = PBXFileReference; fileEncoding = 4; lastKnownFileType = sourcecode.c.h; name = hwad.h; path = simulavr/hwad.h; sourceTree = "<group>"; };
		49361BBC13BE4F7000796585 /* hwdecls.h */ = {isa = PBXFileReference; fileEncoding = 4; lastKnownFileType = sourcecode.c.h; name = hwdecls.h; path = simulavr/hwdecls.h; sourceTree = "<group>"; };
		49361BBD13BE4F7000796585 /* hweeprom.cpp */ = {isa = PBXFileReference; fileEncoding = 4; lastKnownFileType = sourcecode.cpp.cpp; name = hweeprom.cpp; path = simulavr/hweeprom.cpp; sourceTree = "<group>"; };
		49361BBE13BE4F7000796585 /* hweeprom.h */ = {isa = PBXFileReference; fileEncoding = 4; lastKnownFileType = sourcecode.c.h; name = hweeprom.h; path = simulavr/hweeprom.h; sourceTree = "<group>"; };
		49361BBF13BE4F7000796585 /* hwpinchange.cpp */ = {isa = PBXFileReference; fileEncoding = 4; lastKnownFileType = sourcecode.cpp.cpp; name = hwpinchange.cpp; path = simulavr/hwpinchange.cpp; sourceTree = "<group>"; };
		49361BC013BE4F7000796585 /* hwpinchange.h */ = {isa = PBXFileReference; fileEncoding = 4; lastKnownFileType = sourcecode.c.h; name = hwpinchange.h; path = simulavr/hwpinchange.h; sourceTree = "<group>"; };
		49361BC113BE4F7000796585 /* hwport.cpp */ = {isa = PBXFileReference; fileEncoding = 4; lastKnownFileType = sourcecode.cpp.cpp; name = hwport.cpp; path = simulavr/hwport.cpp; sourceTree = "<group>"; };
		49361BC213BE4F7000796585 /* hwport.h */ = {isa = PBXFileReference; fileEncoding = 4; lastKnownFileType = sourcecode.c.h; name = hwport.h; path = simulavr/hwport.h; sourceTree = "<group>"; };
		49361BC313BE4F7000796585 /* hwspi.cpp */ = {isa = PBXFileReference; fileEncoding = 4; lastKnownFileType = sourcecode.cpp.cpp; name = hwspi.cpp; path = simulavr/hwspi.cpp; sourceTree = "<group>"; };
		49361BC413BE4F7000796585 /* hwspi.h */ = {isa = PBXFileReference; fileEncoding = 4; lastKnownFileType = sourcecode.c.h; name = hwspi.h; path = simulavr/hwspi.h; sourceTree = "<group>"; };
		49361BC513BE4F7000796585 /* hwsreg.cpp */ = {isa = PBXFileReference; fileEncoding = 4; lastKnownFileType = sourcecode.cpp.cpp; name = hwsreg.cpp; path = simulavr/hwsreg.cpp; sourceTree = "<group>"; };
		49361BC613BE4F7000796585 /* hwsreg.h */ = {isa = PBXFileReference; fileEncoding = 4; lastKnownFileType = sourcecode.c.h; name = hwsreg.h; path = simulavr/hwsreg.h; sourceTree = "<group>"; };
		49361BC713BE4F7000796585 /* hwstack.cpp */ = {isa = PBXFileReference; fileEncoding = 4; lastKnownFileType = sourcecode.cpp.cpp; name = hwstack.cpp; path = simulavr/hwstack.cpp; sourceTree = "<group>"; };
		49361BC813BE4F7000796585 /* hwstack.h */ = {isa = PBXFileReference; fileEncoding = 4; lastKnownFileType = sourcecode.c.h; name = hwstack.h; path = simulavr/hwstack.h; sourceTree = "<group>"; };
		49361BCA13BE4F7000796585 /* hwtimer.cpp */ = {isa = PBXFileReference; fileEncoding = 4; lastKnownFileType = sourcecode.cpp.cpp; path = hwtimer.cpp; sourceTree = "<group>"; };
		49361BCB13BE4F7000796585 /* hwtimer.h */ = {isa = PBXFileReference; fileEncoding = 4; lastKnownFileType = sourcecode.c.h; path = hwtimer.h; sourceTree = "<group>"; };
		49361BCC13BE4F7000796585 /* icapturesrc.cpp */ = {isa = PBXFileReference; fileEncoding = 4; lastKnownFileType = sourcecode.cpp.cpp; path = icapturesrc.cpp; sourceTree = "<group>"; };
		49361BCD13BE4F7000796585 /* icapturesrc.h */ = {isa = PBXFileReference; fileEncoding = 4; lastKnownFileType = sourcecode.c.h; path = icapturesrc.h; sourceTree = "<group>"; };
		49361BCE13BE4F7000796585 /* prescalermux.cpp */ = {isa = PBXFileReference; fileEncoding = 4; lastKnownFileType = sourcecode.cpp.cpp; path = prescalermux.cpp; sourceTree = "<group>"; };
		49361BCF13BE4F7000796585 /* prescalermux.h */ = {isa = PBXFileReference; fileEncoding = 4; lastKnownFileType = sourcecode.c.h; path = prescalermux.h; sourceTree = "<group>"; };
		49361BD013BE4F7000796585 /* timerirq.cpp */ = {isa = PBXFileReference; fileEncoding = 4; lastKnownFileType = sourcecode.cpp.cpp; path = timerirq.cpp; sourceTree = "<group>"; };
		49361BD113BE4F7000796585 /* timerirq.h */ = {isa = PBXFileReference; fileEncoding = 4; lastKnownFileType = sourcecode.c.h; path = timerirq.h; sourceTree = "<group>"; };
		49361BD213BE4F7000796585 /* timerprescaler.cpp */ = {isa = PBXFileReference; fileEncoding = 4; lastKnownFileType = sourcecode.cpp.cpp; path = timerprescaler.cpp; sourceTree = "<group>"; };
		49361BD313BE4F7000796585 /* timerprescaler.h */ = {isa = PBXFileReference; fileEncoding = 4; lastKnownFileType = sourcecode.c.h; path = timerprescaler.h; sourceTree = "<group>"; };
		49361BD413BE4F7000796585 /* hwuart.cpp */ = {isa = PBXFileReference; fileEncoding = 4; lastKnownFileType = sourcecode.cpp.cpp; name = hwuart.cpp; path = simulavr/hwuart.cpp; sourceTree = "<group>"; };
		49361BD513BE4F7000796585 /* hwuart.h */ = {isa = PBXFileReference; fileEncoding = 4; lastKnownFileType = sourcecode.c.h; name = hwuart.h; path = simulavr/hwuart.h; sourceTree = "<group>"; };
		49361BD613BE4F7000796585 /* hwwado.cpp */ = {isa = PBXFileReference; fileEncoding = 4; lastKnownFileType = sourcecode.cpp.cpp; name = hwwado.cpp; path = simulavr/hwwado.cpp; sourceTree = "<group>"; };
		49361BD713BE4F7000796585 /* hwwado.h */ = {isa = PBXFileReference; fileEncoding = 4; lastKnownFileType = sourcecode.c.h; name = hwwado.h; path = simulavr/hwwado.h; sourceTree = "<group>"; };
		49361BD813BE4F7000796585 /* ioregs.cpp */ = {isa = PBXFileReference; fileEncoding = 4; lastKnownFileType = sourcecode.cpp.cpp; name = ioregs.cpp; path = simulavr/ioregs.cpp; sourceTree = "<group>"; };
		49361BD913BE4F7000796585 /* ioregs.h */ = {isa = PBXFileReference; fileEncoding = 4; lastKnownFileType = sourcecode.c.h; name = ioregs.h; path = simulavr/ioregs.h; sourceTree = "<group>"; };
		49361BDA13BE4F7000796585 /* irqsystem.cpp */ = {isa = PBXFileReference; fileEncoding = 4; lastKnownFileType = sourcecode.cpp.cpp; name = irqsystem.cpp; path = simulavr/irqsystem.cpp; sourceTree = "<group>"; };
		49361BDB13BE4F7000796585 /* irqsystem.h */ = {isa = PBXFileReference; fileEncoding = 4; lastKnownFileType = sourcecode.c.h; name = irqsystem.h; path = simulavr/irqsystem.h; sourceTree = "<group>"; };
		49361BDC13BE4F7000796585 /* memory.cpp */ = {isa = PBXFileReference; fileEncoding = 4; lastKnownFileType = sourcecode.cpp.cpp; name = memory.cpp; path = simulavr/memory.cpp; sourceTree = "<group>"; };
		49361BDD13BE4F7000796585 /* memory.h */ = {isa = PBXFileReference; fileEncoding = 4; lastKnownFileType = sourcecode.c.h; name = memory.h; path = simulavr/memory.h; sourceTree = "<group>"; };
		49361BDE13BE4F7000796585 /* net.cpp */ = {isa = PBXFileReference; fileEncoding = 4; lastKnownFileType = sourcecode.cpp.cpp; name = net.cpp; path = simulavr/net.cpp; sourceTree = "<group>"; };
		49361BDF13BE4F7000796585 /* net.h */ = {isa = PBXFileReference; fileEncoding = 4; lastKnownFileType = sourcecode.c.h; name = net.h; path = simulavr/net.h; sourceTree = "<group>"; };
		49361BE013BE4F7000796585 /* pin.cpp */ = {isa = PBXFileReference; fileEncoding = 4; lastKnownFileType = sourcecode.cpp.cpp; name = pin.cpp; path = simulavr/pin.cpp; sourceTree = "<group>"; };
		49361BE113BE4F7000796585 /* pin.h */ = {isa = PBXFileReference; fileEncoding = 4; lastKnownFileType = sourcecode.c.h; name = pin.h; path = simulavr/pin.h; sourceTree = "<group>"; };
		49361BE213BE4F7000796585 /* pinatport.cpp */ = {isa = PBXFileReference; fileEncoding = 4; lastKnownFileType = sourcecode.cpp.cpp; name = pinatport.cpp; path = simulavr/pinatport.cpp; sourceTree = "<group>"; };
		49361BE313BE4F7000796585 /* pinatport.h */ = {isa = PBXFileReference; fileEncoding = 4; lastKnownFileType = sourcecode.c.h; name = pinatport.h; path = simulavr/pinatport.h; sourceTree = "<group>"; };
		49361BE413BE4F7000796585 /* pinmon.cpp */ = {isa = PBXFileReference; fileEncoding = 4; lastKnownFileType = sourcecode.cpp.cpp; name = pinmon.cpp; path = simulavr/pinmon.cpp; sourceTree = "<group>"; };
		49361BE513BE4F7000796585 /* pinmon.h */ = {isa = PBXFileReference; fileEncoding = 4; lastKnownFileType = sourcecode.c.h; name = pinmon.h; path = simulavr/pinmon.h; sourceTree = "<group>"; };
		49361BE613BE4F7000796585 /* pinnotify.h */ = {isa = PBXFileReference; fileEncoding = 4; lastKnownFileType = sourcecode.c.h; name = pinnotify.h; path = simulavr/pinnotify.h; sourceTree = "<group>"; };
		49361BE713BE4F7000796585 /* printable.h */ = {isa = PBXFileReference; fileEncoding = 4; lastKnownFileType = sourcecode.c.h; name = printable.h; path = simulavr/printable.h; sourceTree = "<group>"; };
		49361BE813BE4F7000796585 /* rwmem.cpp */ = {isa = PBXFileReference; fileEncoding = 4; lastKnownFileType = sourcecode.cpp.cpp; name = rwmem.cpp; path = simulavr/rwmem.cpp; sourceTree = "<group>"; };
		49361BE913BE4F7000796585 /* rwmem.h */ = {isa = PBXFileReference; fileEncoding = 4; lastKnownFileType = sourcecode.c.h; name = rwmem.h; path = simulavr/rwmem.h; sourceTree = "<group>"; };
		49361BEA13BE4F7000796585 /* simulationmember.h */ = {isa = PBXFileReference; fileEncoding = 4; lastKnownFileType = sourcecode.c.h; name = simulationmember.h; path = simulavr/simulationmember.h; sourceTree = "<group>"; };
		49361BEB13BE4F7000796585 /* specialmem.cpp */ = {isa = PBXFileReference; fileEncoding = 4; lastKnownFileType = sourcecode.cpp.cpp; name = specialmem.cpp; path = simulavr/specialmem.cpp; sourceTree = "<group>"; };
		49361BEC13BE4F7000796585 /* specialmem.h */ = {isa = PBXFileReference; fileEncoding = 4; lastKnownFileType = sourcecode.c.h; name = specialmem.h; path = simulavr/specialmem.h; sourceTree = "<group>"; };
		49361BED13BE4F7000796585 /* spisink.cpp */ = {isa = PBXFileReference; fileEncoding = 4; lastKnownFileType = sourcecode.cpp.cpp; name = spisink.cpp; path = simulavr/spisink.cpp; sourceTree = "<group>"; };
		49361BEE13BE4F7000796585 /* spisink.h */ = {isa = PBXFileReference; fileEncoding = 4; lastKnownFileType = sourcecode.c.h; name = spisink.h; path = simulavr/spisink.h; sourceTree = "<group>"; };
		49361BEF13BE4F7000796585 /* spisrc.cpp */ = {isa = PBXFileReference; fileEncoding = 4; lastKnownFileType = sourcecode.cpp.cpp; name = spisrc.cpp; path = simulavr/spisrc.cpp; sourceTree = "<group>"; };
		49361BF013BE4F7000796585 /* spisrc.h */ = {isa = PBXFileReference; fileEncoding = 4; lastKnownFileType = sourcecode.c.h; name = spisrc.h; path = simulavr/spisrc.h; sourceTree = "<group>"; };
		49361BF113BE4F7000796585 /* string2_template.h */ = {isa = PBXFileReference; fileEncoding = 4; lastKnownFileType = sourcecode.c.h; name = string2_template.h; path = simulavr/string2_template.h; sourceTree = "<group>"; };
		49361BF213BE4F7000796585 /* string2.cpp */ = {isa = PBXFileReference; fileEncoding = 4; lastKnownFileType = sourcecode.cpp.cpp; name = string2.cpp; path = simulavr/string2.cpp; sourceTree = "<group>"; };
		49361BF313BE4F7000796585 /* string2.h */ = {isa = PBXFileReference; fileEncoding = 4; lastKnownFileType = sourcecode.c.h; name = string2.h; path = simulavr/string2.h; sourceTree = "<group>"; };
		49361BF413BE4F7000796585 /* systemclock.cpp */ = {isa = PBXFileReference; fileEncoding = 4; lastKnownFileType = sourcecode.cpp.cpp; name = systemclock.cpp; path = simulavr/systemclock.cpp; sourceTree = "<group>"; };
		49361BF513BE4F7000796585 /* systemclock.h */ = {isa = PBXFileReference; fileEncoding = 4; lastKnownFileType = sourcecode.c.h; name = systemclock.h; path = simulavr/systemclock.h; sourceTree = "<group>"; };
		49361BF613BE4F7000796585 /* systemclocktypes.h */ = {isa = PBXFileReference; fileEncoding = 4; lastKnownFileType = sourcecode.c.h; name = systemclocktypes.h; path = simulavr/systemclocktypes.h; sourceTree = "<group>"; };
		49361BF713BE4F7000796585 /* traceval.cpp */ = {isa = PBXFileReference; fileEncoding = 4; lastKnownFileType = sourcecode.cpp.cpp; name = traceval.cpp; path = simulavr/traceval.cpp; sourceTree = "<group>"; };
		49361BF813BE4F7000796585 /* traceval.h */ = {isa = PBXFileReference; fileEncoding = 4; lastKnownFileType = sourcecode.c.h; name = traceval.h; path = simulavr/traceval.h; sourceTree = "<group>"; };
		49361BF913BE4F7000796585 /* types.h */ = {isa = PBXFileReference; fileEncoding = 4; lastKnownFileType = sourcecode.c.h; name = types.h; path = simulavr/types.h; sourceTree = "<group>"; };
		49361BFB13BE4F7000796585 /* extpin.cpp */ = {isa = PBXFileReference; fileEncoding = 4; lastKnownFileType = sourcecode.cpp.cpp; path = extpin.cpp; sourceTree = "<group>"; };
		49361BFC13BE4F7000796585 /* extpin.h */ = {isa = PBXFileReference; fileEncoding = 4; lastKnownFileType = sourcecode.c.h; path = extpin.h; sourceTree = "<group>"; };
		49361BFD13BE4F7000796585 /* keyboard.cpp */ = {isa = PBXFileReference; fileEncoding = 4; lastKnownFileType = sourcecode.cpp.cpp; path = keyboard.cpp; sourceTree = "<group>"; };
		49361BFE13BE4F7000796585 /* keyboard.h */ = {isa = PBXFileReference; fileEncoding = 4; lastKnownFileType = sourcecode.c.h; path = keyboard.h; sourceTree = "<group>"; };
		49361BFF13BE4F7000796585 /* keynumber_to_scancode.dat */ = {isa = PBXFileReference; fileEncoding = 4; lastKnownFileType = text; path = keynumber_to_scancode.dat; sourceTree = "<group>"; };
		49361C0013BE4F7000796585 /* keytrans.h */ = {isa = PBXFileReference; fileEncoding = 4; lastKnownFileType = sourcecode.c.h; path = keytrans.h; sourceTree = "<group>"; };
		49361C0113BE4F7000796585 /* lcd.cpp */ = {isa = PBXFileReference; fileEncoding = 4; lastKnownFileType = sourcecode.cpp.cpp; path = lcd.cpp; sourceTree = "<group>"; };
		49361C0213BE4F7000796585 /* lcd.h */ = {isa = PBXFileReference; fileEncoding = 4; lastKnownFileType = sourcecode.c.h; path = lcd.h; sourceTree = "<group>"; };
		49361C0313BE4F7000796585 /* mysocket.cpp */ = {isa = PBXFileReference; fileEncoding = 4; lastKnownFileType = sourcecode.cpp.cpp; path = mysocket.cpp; sourceTree = "<group>"; };
		49361C0413BE4F7000796585 /* mysocket.h */ = {isa = PBXFileReference; fileEncoding = 4; lastKnownFileType = sourcecode.c.h; path = mysocket.h; sourceTree = "<group>"; };
		49361C0513BE4F7000796585 /* scope.cpp */ = {isa = PBXFileReference; fileEncoding = 4; lastKnownFileType = sourcecode.cpp.cpp; path = scope.cpp; sourceTree = "<group>"; };
		49361C0613BE4F7000796585 /* scope.h */ = {isa = PBXFileReference; fileEncoding = 4; lastKnownFileType = sourcecode.c.h; path = scope.h; sourceTree = "<group>"; };
		49361C0713BE4F7000796585 /* serialrx.cpp */ = {isa = PBXFileReference; fileEncoding = 4; lastKnownFileType = sourcecode.cpp.cpp; path = serialrx.cpp; sourceTree = "<group>"; };
		49361C0813BE4F7000796585 /* serialrx.h */ = {isa = PBXFileReference; fileEncoding = 4; lastKnownFileType = sourcecode.c.h; path = serialrx.h; sourceTree = "<group>"; };
		49361C0913BE4F7000796585 /* serialtx.cpp */ = {isa = PBXFileReference; fileEncoding = 4; lastKnownFileType = sourcecode.cpp.cpp; path = serialtx.cpp; sourceTree = "<group>"; };
		49361C0A13BE4F7000796585 /* serialtx.h */ = {isa = PBXFileReference; fileEncoding = 4; lastKnownFileType = sourcecode.c.h; path = serialtx.h; sourceTree = "<group>"; };
		49361C0B13BE4F7000796585 /* ui.cpp */ = {isa = PBXFileReference; fileEncoding = 4; lastKnownFileType = sourcecode.cpp.cpp; path = ui.cpp; sourceTree = "<group>"; };
		49361C0C13BE4F7000796585 /* ui.h */ = {isa = PBXFileReference; fileEncoding = 4; lastKnownFileType = sourcecode.c.h; path = ui.h; sourceTree = "<group>"; };
		4975257A13BE3A1E00909F66 /* avrsim.app */ = {isa = PBXFileReference; explicitFileType = wrapper.application; includeInIndex = 0; path = avrsim.app; sourceTree = BUILT_PRODUCTS_DIR; };
		4975257E13BE3A1E00909F66 /* Cocoa.framework */ = {isa = PBXFileReference; lastKnownFileType = wrapper.framework; name = Cocoa.framework; path = System/Library/Frameworks/Cocoa.framework; sourceTree = SDKROOT; };
		4975258113BE3A1E00909F66 /* AppKit.framework */ = {isa = PBXFileReference; lastKnownFileType = wrapper.framework; name = AppKit.framework; path = System/Library/Frameworks/AppKit.framework; sourceTree = SDKROOT; };
		4975258213BE3A1E00909F66 /* CoreData.framework */ = {isa = PBXFileReference; lastKnownFileType = wrapper.framework; name = CoreData.framework; path = System/Library/Frameworks/CoreData.framework; sourceTree = SDKROOT; };
		4975258313BE3A1E00909F66 /* Foundation.framework */ = {isa = PBXFileReference; lastKnownFileType = wrapper.framework; name = Foundation.framework; path = System/Library/Frameworks/Foundation.framework; sourceTree = SDKROOT; };
		4975258613BE3A1E00909F66 /* avrsim-Info.plist */ = {isa = PBXFileReference; lastKnownFileType = text.plist.xml; path = "avrsim-Info.plist"; sourceTree = "<group>"; };
		4975258813BE3A1E00909F66 /* en */ = {isa = PBXFileReference; lastKnownFileType = text.plist.strings; name = en; path = en.lproj/InfoPlist.strings; sourceTree = "<group>"; };
		4975258A13BE3A1E00909F66 /* main.m */ = {isa = PBXFileReference; lastKnownFileType = sourcecode.c.objc; path = main.m; sourceTree = "<group>"; };
		4975258C13BE3A1E00909F66 /* avrsim-Prefix.pch */ = {isa = PBXFileReference; lastKnownFileType = sourcecode.c.h; path = "avrsim-Prefix.pch"; sourceTree = "<group>"; };
		4975258E13BE3A1E00909F66 /* en */ = {isa = PBXFileReference; lastKnownFileType = text.rtf; name = en; path = en.lproj/Credits.rtf; sourceTree = "<group>"; };
		4975259013BE3A1E00909F66 /* avrsimAppDelegate.h */ = {isa = PBXFileReference; lastKnownFileType = sourcecode.c.h; path = avrsimAppDelegate.h; sourceTree = "<group>"; };
		4975259113BE3A1E00909F66 /* avrsimAppDelegate.m */ = {isa = PBXFileReference; lastKnownFileType = sourcecode.c.objc; path = avrsimAppDelegate.m; sourceTree = "<group>"; };
		4975259413BE3A1E00909F66 /* en */ = {isa = PBXFileReference; lastKnownFileType = file.xib; name = en; path = en.lproj/MainMenu.xib; sourceTree = "<group>"; };
		4975259713BE3A1E00909F66 /* avrsim.xcdatamodel */ = {isa = PBXFileReference; lastKnownFileType = wrapper.xcdatamodel; path = avrsim.xcdatamodel; sourceTree = "<group>"; };
		4975259E13BE3A1E00909F66 /* avrsimTests.octest */ = {isa = PBXFileReference; explicitFileType = wrapper.cfbundle; includeInIndex = 0; path = avrsimTests.octest; sourceTree = BUILT_PRODUCTS_DIR; };
		4975259F13BE3A1E00909F66 /* SenTestingKit.framework */ = {isa = PBXFileReference; lastKnownFileType = wrapper.framework; name = SenTestingKit.framework; path = Library/Frameworks/SenTestingKit.framework; sourceTree = DEVELOPER_DIR; };
		497525A613BE3A1E00909F66 /* avrsimTests-Info.plist */ = {isa = PBXFileReference; lastKnownFileType = text.plist.xml; path = "avrsimTests-Info.plist"; sourceTree = "<group>"; };
		497525A813BE3A1F00909F66 /* en */ = {isa = PBXFileReference; lastKnownFileType = text.plist.strings; name = en; path = en.lproj/InfoPlist.strings; sourceTree = "<group>"; };
		497525AA13BE3A1F00909F66 /* avrsimTests.h */ = {isa = PBXFileReference; lastKnownFileType = sourcecode.c.h; path = avrsimTests.h; sourceTree = "<group>"; };
		497525AC13BE3A1F00909F66 /* avrsimTests.m */ = {isa = PBXFileReference; lastKnownFileType = sourcecode.c.objc; path = avrsimTests.m; sourceTree = "<group>"; };
/* End PBXFileReference section */

/* Begin PBXFrameworksBuildPhase section */
		4975257713BE3A1E00909F66 /* Frameworks */ = {
			isa = PBXFrameworksBuildPhase;
			buildActionMask = 2147483647;
			files = (
				4975257F13BE3A1E00909F66 /* Cocoa.framework in Frameworks */,
			);
			runOnlyForDeploymentPostprocessing = 0;
		};
		4975259A13BE3A1E00909F66 /* Frameworks */ = {
			isa = PBXFrameworksBuildPhase;
			buildActionMask = 2147483647;
			files = (
				497525A013BE3A1E00909F66 /* SenTestingKit.framework in Frameworks */,
				497525A113BE3A1E00909F66 /* Cocoa.framework in Frameworks */,
			);
			runOnlyForDeploymentPostprocessing = 0;
		};
/* End PBXFrameworksBuildPhase section */

/* Begin PBXGroup section */
		49361BC913BE4F7000796585 /* hwtimer */ = {
			isa = PBXGroup;
			children = (
				49361BCA13BE4F7000796585 /* hwtimer.cpp */,
				49361BCB13BE4F7000796585 /* hwtimer.h */,
				49361BCC13BE4F7000796585 /* icapturesrc.cpp */,
				49361BCD13BE4F7000796585 /* icapturesrc.h */,
				49361BCE13BE4F7000796585 /* prescalermux.cpp */,
				49361BCF13BE4F7000796585 /* prescalermux.h */,
				49361BD013BE4F7000796585 /* timerirq.cpp */,
				49361BD113BE4F7000796585 /* timerirq.h */,
				49361BD213BE4F7000796585 /* timerprescaler.cpp */,
				49361BD313BE4F7000796585 /* timerprescaler.h */,
			);
			name = hwtimer;
			path = simulavr/hwtimer;
			sourceTree = "<group>";
		};
		49361BFA13BE4F7000796585 /* ui */ = {
			isa = PBXGroup;
			children = (
				49361BFB13BE4F7000796585 /* extpin.cpp */,
				49361BFC13BE4F7000796585 /* extpin.h */,
				49361BFD13BE4F7000796585 /* keyboard.cpp */,
				49361BFE13BE4F7000796585 /* keyboard.h */,
				49361BFF13BE4F7000796585 /* keynumber_to_scancode.dat */,
				49361C0013BE4F7000796585 /* keytrans.h */,
				49361C0113BE4F7000796585 /* lcd.cpp */,
				49361C0213BE4F7000796585 /* lcd.h */,
				49361C0313BE4F7000796585 /* mysocket.cpp */,
				49361C0413BE4F7000796585 /* mysocket.h */,
				49361C0513BE4F7000796585 /* scope.cpp */,
				49361C0613BE4F7000796585 /* scope.h */,
				49361C0713BE4F7000796585 /* serialrx.cpp */,
				49361C0813BE4F7000796585 /* serialrx.h */,
				49361C0913BE4F7000796585 /* serialtx.cpp */,
				49361C0A13BE4F7000796585 /* serialtx.h */,
				49361C0B13BE4F7000796585 /* ui.cpp */,
				49361C0C13BE4F7000796585 /* ui.h */,
			);
			name = ui;
			path = simulavr/ui;
			sourceTree = "<group>";
		};
		4975256F13BE3A1E00909F66 = {
			isa = PBXGroup;
			children = (
				497525B613BE3A4F00909F66 /* simulavr */,
				4975258413BE3A1E00909F66 /* avrsim */,
				497525A413BE3A1E00909F66 /* avrsimTests */,
				4975257D13BE3A1E00909F66 /* Frameworks */,
				4975257B13BE3A1E00909F66 /* Products */,
			);
			sourceTree = "<group>";
		};
		4975257B13BE3A1E00909F66 /* Products */ = {
			isa = PBXGroup;
			children = (
				4975257A13BE3A1E00909F66 /* avrsim.app */,
				4975259E13BE3A1E00909F66 /* avrsimTests.octest */,
			);
			name = Products;
			sourceTree = "<group>";
		};
		4975257D13BE3A1E00909F66 /* Frameworks */ = {
			isa = PBXGroup;
			children = (
				4975257E13BE3A1E00909F66 /* Cocoa.framework */,
				4975259F13BE3A1E00909F66 /* SenTestingKit.framework */,
				4975258013BE3A1E00909F66 /* Other Frameworks */,
			);
			name = Frameworks;
			sourceTree = "<group>";
		};
		4975258013BE3A1E00909F66 /* Other Frameworks */ = {
			isa = PBXGroup;
			children = (
				4975258113BE3A1E00909F66 /* AppKit.framework */,
				4975258213BE3A1E00909F66 /* CoreData.framework */,
				4975258313BE3A1E00909F66 /* Foundation.framework */,
			);
			name = "Other Frameworks";
			sourceTree = "<group>";
		};
		4975258413BE3A1E00909F66 /* avrsim */ = {
			isa = PBXGroup;
			children = (
				4975259013BE3A1E00909F66 /* avrsimAppDelegate.h */,
				4975259113BE3A1E00909F66 /* avrsimAppDelegate.m */,
				4975259313BE3A1E00909F66 /* MainMenu.xib */,
				4975259613BE3A1E00909F66 /* avrsim.xcdatamodeld */,
				4975258513BE3A1E00909F66 /* Supporting Files */,
			);
			path = avrsim;
			sourceTree = "<group>";
		};
		4975258513BE3A1E00909F66 /* Supporting Files */ = {
			isa = PBXGroup;
			children = (
				4975258613BE3A1E00909F66 /* avrsim-Info.plist */,
				4975258713BE3A1E00909F66 /* InfoPlist.strings */,
				4975258A13BE3A1E00909F66 /* main.m */,
				4975258C13BE3A1E00909F66 /* avrsim-Prefix.pch */,
				4975258D13BE3A1E00909F66 /* Credits.rtf */,
			);
			name = "Supporting Files";
			sourceTree = "<group>";
		};
		497525A413BE3A1E00909F66 /* avrsimTests */ = {
			isa = PBXGroup;
			children = (
				497525AA13BE3A1F00909F66 /* avrsimTests.h */,
				497525AC13BE3A1F00909F66 /* avrsimTests.m */,
				497525A513BE3A1E00909F66 /* Supporting Files */,
			);
			path = avrsimTests;
			sourceTree = "<group>";
		};
		497525A513BE3A1E00909F66 /* Supporting Files */ = {
			isa = PBXGroup;
			children = (
				497525A613BE3A1E00909F66 /* avrsimTests-Info.plist */,
				497525A713BE3A1F00909F66 /* InfoPlist.strings */,
			);
			name = "Supporting Files";
			sourceTree = "<group>";
		};
		497525B613BE3A4F00909F66 /* simulavr */ = {
			isa = PBXGroup;
			children = (
				49361B8713BE4F7000796585 /* adcpin.cpp */,
				49361B8813BE4F7000796585 /* adcpin.h */,
				49361B8913BE4F7000796585 /* application.cpp */,
				49361B8A13BE4F7000796585 /* application.h */,
				49361B8B13BE4F7000796585 /* at90canbase.cpp */,
				49361B8C13BE4F7000796585 /* at90canbase.h */,
				49361B8D13BE4F7000796585 /* at4433.cpp */,
				49361B8E13BE4F7000796585 /* at4433.h */,
				49361B8F13BE4F7000796585 /* at8515.cpp */,
				49361B9013BE4F7000796585 /* at8515.h */,
				49361B9113BE4F7000796585 /* atmega8.cpp */,
				49361B9213BE4F7000796585 /* atmega8.h */,
				49361B9313BE4F7000796585 /* atmega16_32.cpp */,
				49361B9413BE4F7000796585 /* atmega16_32.h */,
				49361B9513BE4F7000796585 /* atmega128.cpp */,
				49361B9613BE4F7000796585 /* atmega128.h */,
				49361B9713BE4F7000796585 /* atmega668base.cpp */,
				49361B9813BE4F7000796585 /* atmega668base.h */,
				49361B9913BE4F7000796585 /* atmega1284abase.cpp */,
				49361B9A13BE4F7000796585 /* atmega1284abase.h */,
				49361B9B13BE4F7000796585 /* attiny2313.cpp */,
				49361B9C13BE4F7000796585 /* attiny2313.h */,
				49361B9D13BE4F7000796585 /* avrdevice_impl.h */,
				49361B9E13BE4F7000796585 /* avrdevice.cpp */,
				49361B9F13BE4F7000796585 /* avrdevice.h */,
				49361BA013BE4F7000796585 /* avrerror.cpp */,
				49361BA113BE4F7000796585 /* avrerror.h */,
				49361BA213BE4F7000796585 /* avrfactory.cpp */,
				49361BA313BE4F7000796585 /* avrfactory.h */,
				49361BA413BE4F7000796585 /* avrmalloc.cpp */,
				49361BA513BE4F7000796585 /* avrmalloc.h */,
				49361BA613BE4F7000796585 /* breakpoint.h */,
				49361BA713BE4F7000796585 /* config.h */,
				49361BA813BE4F7000796585 /* decoder_trace.cpp */,
				49361BA913BE4F7000796585 /* decoder.cpp */,
				49361BAA13BE4F7000796585 /* decoder.h */,
				49361BAB13BE4F7000796585 /* externalirq.cpp */,
				49361BAC13BE4F7000796585 /* externalirq.h */,
				49361BAD13BE4F7000796585 /* externaltype.h */,
				49361BAE13BE4F7000796585 /* flash.cpp */,
				49361BAF13BE4F7000796585 /* flash.h */,
				49361BB013BE4F7000796585 /* flashprog.cpp */,
				49361BB113BE4F7000796585 /* flashprog.h */,
				49361BB213BE4F7000796585 /* funktor.h */,
				49361BB313BE4F7000796585 /* global.h */,
				49361BB413BE4F7000796585 /* hardware.cpp */,
				49361BB513BE4F7000796585 /* hardware.h */,
				49361BB613BE4F7000796585 /* helper.cpp */,
				49361BB713BE4F7000796585 /* helper.h */,
				49361BB813BE4F7000796585 /* hwacomp.cpp */,
				49361BB913BE4F7000796585 /* hwacomp.h */,
				49361BBA13BE4F7000796585 /* hwad.cpp */,
				49361BBB13BE4F7000796585 /* hwad.h */,
				49361BBC13BE4F7000796585 /* hwdecls.h */,
				49361BBD13BE4F7000796585 /* hweeprom.cpp */,
				49361BBE13BE4F7000796585 /* hweeprom.h */,
				49361BBF13BE4F7000796585 /* hwpinchange.cpp */,
				49361BC013BE4F7000796585 /* hwpinchange.h */,
				49361BC113BE4F7000796585 /* hwport.cpp */,
				49361BC213BE4F7000796585 /* hwport.h */,
				49361BC313BE4F7000796585 /* hwspi.cpp */,
				49361BC413BE4F7000796585 /* hwspi.h */,
				49361BC513BE4F7000796585 /* hwsreg.cpp */,
				49361BC613BE4F7000796585 /* hwsreg.h */,
				49361BC713BE4F7000796585 /* hwstack.cpp */,
				49361BC813BE4F7000796585 /* hwstack.h */,
				49361BC913BE4F7000796585 /* hwtimer */,
				49361BD413BE4F7000796585 /* hwuart.cpp */,
				49361BD513BE4F7000796585 /* hwuart.h */,
				49361BD613BE4F7000796585 /* hwwado.cpp */,
				49361BD713BE4F7000796585 /* hwwado.h */,
				49361BD813BE4F7000796585 /* ioregs.cpp */,
				49361BD913BE4F7000796585 /* ioregs.h */,
				49361BDA13BE4F7000796585 /* irqsystem.cpp */,
				49361BDB13BE4F7000796585 /* irqsystem.h */,
				49361BDC13BE4F7000796585 /* memory.cpp */,
				49361BDD13BE4F7000796585 /* memory.h */,
				49361BDE13BE4F7000796585 /* net.cpp */,
				49361BDF13BE4F7000796585 /* net.h */,
				49361BE013BE4F7000796585 /* pin.cpp */,
				49361BE113BE4F7000796585 /* pin.h */,
				49361BE213BE4F7000796585 /* pinatport.cpp */,
				49361BE313BE4F7000796585 /* pinatport.h */,
				49361BE413BE4F7000796585 /* pinmon.cpp */,
				49361BE513BE4F7000796585 /* pinmon.h */,
				49361BE613BE4F7000796585 /* pinnotify.h */,
				49361BE713BE4F7000796585 /* printable.h */,
				49361BE813BE4F7000796585 /* rwmem.cpp */,
				49361BE913BE4F7000796585 /* rwmem.h */,
				49361BEA13BE4F7000796585 /* simulationmember.h */,
				49361BEB13BE4F7000796585 /* specialmem.cpp */,
				49361BEC13BE4F7000796585 /* specialmem.h */,
				49361BED13BE4F7000796585 /* spisink.cpp */,
				49361BEE13BE4F7000796585 /* spisink.h */,
				49361BEF13BE4F7000796585 /* spisrc.cpp */,
				49361BF013BE4F7000796585 /* spisrc.h */,
				49361BF113BE4F7000796585 /* string2_template.h */,
				49361BF213BE4F7000796585 /* string2.cpp */,
				49361BF313BE4F7000796585 /* string2.h */,
				49361BF413BE4F7000796585 /* systemclock.cpp */,
				49361BF513BE4F7000796585 /* systemclock.h */,
				49361BF613BE4F7000796585 /* systemclocktypes.h */,
				49361BF713BE4F7000796585 /* traceval.cpp */,
				49361BF813BE4F7000796585 /* traceval.h */,
				49361BF913BE4F7000796585 /* types.h */,
				49361BFA13BE4F7000796585 /* ui */,
			);
			name = simulavr;
			sourceTree = "<group>";
		};
/* End PBXGroup section */

/* Begin PBXNativeTarget section */
		4975257913BE3A1E00909F66 /* avrsim */ = {
			isa = PBXNativeTarget;
			buildConfigurationList = 497525B013BE3A1F00909F66 /* Build configuration list for PBXNativeTarget "avrsim" */;
			buildPhases = (
				4975257613BE3A1E00909F66 /* Sources */,
				4975257713BE3A1E00909F66 /* Frameworks */,
				4975257813BE3A1E00909F66 /* Resources */,
			);
			buildRules = (
			);
			dependencies = (
			);
			name = avrsim;
			productName = avrsim;
			productReference = 4975257A13BE3A1E00909F66 /* avrsim.app */;
			productType = "com.apple.product-type.application";
		};
		4975259D13BE3A1E00909F66 /* avrsimTests */ = {
			isa = PBXNativeTarget;
			buildConfigurationList = 497525B313BE3A1F00909F66 /* Build configuration list for PBXNativeTarget "avrsimTests" */;
			buildPhases = (
				4975259913BE3A1E00909F66 /* Sources */,
				4975259A13BE3A1E00909F66 /* Frameworks */,
				4975259B13BE3A1E00909F66 /* Resources */,
				4975259C13BE3A1E00909F66 /* ShellScript */,
			);
			buildRules = (
			);
			dependencies = (
				497525A313BE3A1E00909F66 /* PBXTargetDependency */,
			);
			name = avrsimTests;
			productName = avrsimTests;
			productReference = 4975259E13BE3A1E00909F66 /* avrsimTests.octest */;
			productType = "com.apple.product-type.bundle";
		};
/* End PBXNativeTarget section */

/* Begin PBXProject section */
		4975257113BE3A1E00909F66 /* Project object */ = {
			isa = PBXProject;
			attributes = {
				LastUpgradeCheck = 0420;
			};
			buildConfigurationList = 4975257413BE3A1E00909F66 /* Build configuration list for PBXProject "avrsim" */;
			compatibilityVersion = "Xcode 3.2";
			developmentRegion = English;
			hasScannedForEncodings = 0;
			knownRegions = (
				en,
			);
			mainGroup = 4975256F13BE3A1E00909F66;
			productRefGroup = 4975257B13BE3A1E00909F66 /* Products */;
			projectDirPath = "";
			projectRoot = "";
			targets = (
				4975257913BE3A1E00909F66 /* avrsim */,
				4975259D13BE3A1E00909F66 /* avrsimTests */,
			);
		};
/* End PBXProject section */

/* Begin PBXResourcesBuildPhase section */
		4975257813BE3A1E00909F66 /* Resources */ = {
			isa = PBXResourcesBuildPhase;
			buildActionMask = 2147483647;
			files = (
				4975258913BE3A1E00909F66 /* InfoPlist.strings in Resources */,
				4975258F13BE3A1E00909F66 /* Credits.rtf in Resources */,
				4975259513BE3A1E00909F66 /* MainMenu.xib in Resources */,
				49361C4213BE4F7000796585 /* keynumber_to_scancode.dat in Resources */,
			);
			runOnlyForDeploymentPostprocessing = 0;
		};
		4975259B13BE3A1E00909F66 /* Resources */ = {
			isa = PBXResourcesBuildPhase;
			buildActionMask = 2147483647;
			files = (
				497525A913BE3A1F00909F66 /* InfoPlist.strings in Resources */,
				497525AB13BE3A1F00909F66 /* avrsimTests.h in Resources */,
			);
			runOnlyForDeploymentPostprocessing = 0;
		};
/* End PBXResourcesBuildPhase section */

/* Begin PBXShellScriptBuildPhase section */
		4975259C13BE3A1E00909F66 /* ShellScript */ = {
			isa = PBXShellScriptBuildPhase;
			buildActionMask = 2147483647;
			files = (
			);
			inputPaths = (
			);
			outputPaths = (
			);
			runOnlyForDeploymentPostprocessing = 0;
			shellPath = /bin/sh;
			shellScript = "# Run the unit tests in this test bundle.\n\"${SYSTEM_DEVELOPER_DIR}/Tools/RunUnitTests\"\n";
		};
/* End PBXShellScriptBuildPhase section */

/* Begin PBXSourcesBuildPhase section */
		4975257613BE3A1E00909F66 /* Sources */ = {
			isa = PBXSourcesBuildPhase;
			buildActionMask = 2147483647;
			files = (
				4975258B13BE3A1E00909F66 /* main.m in Sources */,
				4975259213BE3A1E00909F66 /* avrsimAppDelegate.m in Sources */,
				4975259813BE3A1E00909F66 /* avrsim.xcdatamodeld in Sources */,
				49361C0D13BE4F7000796585 /* adcpin.cpp in Sources */,
				49361C0E13BE4F7000796585 /* application.cpp in Sources */,
				49361C0F13BE4F7000796585 /* at90canbase.cpp in Sources */,
				49361C1013BE4F7000796585 /* at4433.cpp in Sources */,
				49361C1113BE4F7000796585 /* at8515.cpp in Sources */,
				49361C1213BE4F7000796585 /* atmega8.cpp in Sources */,
				49361C1313BE4F7000796585 /* atmega16_32.cpp in Sources */,
				49361C1413BE4F7000796585 /* atmega128.cpp in Sources */,
				49361C1513BE4F7000796585 /* atmega668base.cpp in Sources */,
				49361C1613BE4F7000796585 /* atmega1284abase.cpp in Sources */,
				49361C1713BE4F7000796585 /* attiny2313.cpp in Sources */,
				49361C1813BE4F7000796585 /* avrdevice.cpp in Sources */,
				49361C1913BE4F7000796585 /* avrerror.cpp in Sources */,
				49361C1A13BE4F7000796585 /* avrfactory.cpp in Sources */,
				49361C1B13BE4F7000796585 /* avrmalloc.cpp in Sources */,
				49361C1C13BE4F7000796585 /* decoder_trace.cpp in Sources */,
				49361C1D13BE4F7000796585 /* decoder.cpp in Sources */,
				49361C1E13BE4F7000796585 /* externalirq.cpp in Sources */,
				49361C1F13BE4F7000796585 /* flash.cpp in Sources */,
				49361C2013BE4F7000796585 /* flashprog.cpp in Sources */,
				49361C2113BE4F7000796585 /* hardware.cpp in Sources */,
				49361C2213BE4F7000796585 /* helper.cpp in Sources */,
				49361C2313BE4F7000796585 /* hwacomp.cpp in Sources */,
				49361C2413BE4F7000796585 /* hwad.cpp in Sources */,
				49361C2513BE4F7000796585 /* hweeprom.cpp in Sources */,
				49361C2613BE4F7000796585 /* hwpinchange.cpp in Sources */,
				49361C2713BE4F7000796585 /* hwport.cpp in Sources */,
				49361C2813BE4F7000796585 /* hwspi.cpp in Sources */,
				49361C2913BE4F7000796585 /* hwsreg.cpp in Sources */,
				49361C2A13BE4F7000796585 /* hwstack.cpp in Sources */,
				49361C2B13BE4F7000796585 /* hwtimer.cpp in Sources */,
				49361C2C13BE4F7000796585 /* icapturesrc.cpp in Sources */,
				49361C2D13BE4F7000796585 /* prescalermux.cpp in Sources */,
				49361C2E13BE4F7000796585 /* timerirq.cpp in Sources */,
				49361C2F13BE4F7000796585 /* timerprescaler.cpp in Sources */,
				49361C3013BE4F7000796585 /* hwuart.cpp in Sources */,
				49361C3113BE4F7000796585 /* hwwado.cpp in Sources */,
				49361C3213BE4F7000796585 /* ioregs.cpp in Sources */,
				49361C3313BE4F7000796585 /* irqsystem.cpp in Sources */,
				49361C3413BE4F7000796585 /* memory.cpp in Sources */,
				49361C3513BE4F7000796585 /* net.cpp in Sources */,
				49361C3613BE4F7000796585 /* pin.cpp in Sources */,
				49361C3713BE4F7000796585 /* pinatport.cpp in Sources */,
				49361C3813BE4F7000796585 /* pinmon.cpp in Sources */,
				49361C3913BE4F7000796585 /* rwmem.cpp in Sources */,
				49361C3A13BE4F7000796585 /* specialmem.cpp in Sources */,
				49361C3B13BE4F7000796585 /* spisink.cpp in Sources */,
				49361C3C13BE4F7000796585 /* spisrc.cpp in Sources */,
				49361C3D13BE4F7000796585 /* string2.cpp in Sources */,
				49361C3E13BE4F7000796585 /* systemclock.cpp in Sources */,
				49361C3F13BE4F7000796585 /* traceval.cpp in Sources */,
				49361C4013BE4F7000796585 /* extpin.cpp in Sources */,
				49361C4113BE4F7000796585 /* keyboard.cpp in Sources */,
				49361C4313BE4F7000796585 /* lcd.cpp in Sources */,
				49361C4413BE4F7000796585 /* mysocket.cpp in Sources */,
				49361C4513BE4F7000796585 /* scope.cpp in Sources */,
				49361C4613BE4F7000796585 /* serialrx.cpp in Sources */,
				49361C4713BE4F7000796585 /* serialtx.cpp in Sources */,
				49361C4813BE4F7000796585 /* ui.cpp in Sources */,
			);
			runOnlyForDeploymentPostprocessing = 0;
		};
		4975259913BE3A1E00909F66 /* Sources */ = {
			isa = PBXSourcesBuildPhase;
			buildActionMask = 2147483647;
			files = (
				497525AD13BE3A1F00909F66 /* avrsimTests.m in Sources */,
			);
			runOnlyForDeploymentPostprocessing = 0;
		};
/* End PBXSourcesBuildPhase section */

/* Begin PBXTargetDependency section */
		497525A313BE3A1E00909F66 /* PBXTargetDependency */ = {
			isa = PBXTargetDependency;
			target = 4975257913BE3A1E00909F66 /* avrsim */;
			targetProxy = 497525A213BE3A1E00909F66 /* PBXContainerItemProxy */;
		};
/* End PBXTargetDependency section */

/* Begin PBXVariantGroup section */
		4975258713BE3A1E00909F66 /* InfoPlist.strings */ = {
			isa = PBXVariantGroup;
			children = (
				4975258813BE3A1E00909F66 /* en */,
			);
			name = InfoPlist.strings;
			sourceTree = "<group>";
		};
		4975258D13BE3A1E00909F66 /* Credits.rtf */ = {
			isa = PBXVariantGroup;
			children = (
				4975258E13BE3A1E00909F66 /* en */,
			);
			name = Credits.rtf;
			sourceTree = "<group>";
		};
		4975259313BE3A1E00909F66 /* MainMenu.xib */ = {
			isa = PBXVariantGroup;
			children = (
				4975259413BE3A1E00909F66 /* en */,
			);
			name = MainMenu.xib;
			sourceTree = "<group>";
		};
		497525A713BE3A1F00909F66 /* InfoPlist.strings */ = {
			isa = PBXVariantGroup;
			children = (
				497525A813BE3A1F00909F66 /* en */,
			);
			name = InfoPlist.strings;
			sourceTree = "<group>";
		};
/* End PBXVariantGroup section */

/* Begin XCBuildConfiguration section */
		497525AE13BE3A1F00909F66 /* Debug */ = {
			isa = XCBuildConfiguration;
			buildSettings = {
				ALWAYS_SEARCH_USER_PATHS = NO;
				ARCHS = "$(ARCHS_STANDARD_64_BIT)";
				COPY_PHASE_STRIP = NO;
				GCC_C_LANGUAGE_STANDARD = gnu99;
				GCC_DYNAMIC_NO_PIC = NO;
				GCC_ENABLE_OBJC_EXCEPTIONS = YES;
				GCC_OPTIMIZATION_LEVEL = 0;
				GCC_PREPROCESSOR_DEFINITIONS = (
					"DEBUG=1",
					"$(inherited)",
				);
				GCC_SYMBOLS_PRIVATE_EXTERN = NO;
				GCC_VERSION = com.apple.compilers.llvm.clang.1_0;
				GCC_WARN_64_TO_32_BIT_CONVERSION = YES;
				GCC_WARN_ABOUT_MISSING_PROTOTYPES = YES;
				GCC_WARN_ABOUT_RETURN_TYPE = YES;
				GCC_WARN_UNUSED_VARIABLE = YES;
				HEADER_SEARCH_PATHS = "";
				LIBRARY_SEARCH_PATHS = "";
				MACOSX_DEPLOYMENT_TARGET = 10.6;
				ONLY_ACTIVE_ARCH = YES;
				OTHER_LDFLAGS = "-lbfd";
				SDKROOT = macosx;
			};
			name = Debug;
		};
		497525AF13BE3A1F00909F66 /* Release */ = {
			isa = XCBuildConfiguration;
			buildSettings = {
				ALWAYS_SEARCH_USER_PATHS = NO;
				ARCHS = "$(ARCHS_STANDARD_64_BIT)";
				COPY_PHASE_STRIP = YES;
				DEBUG_INFORMATION_FORMAT = "dwarf-with-dsym";
				GCC_C_LANGUAGE_STANDARD = gnu99;
				GCC_ENABLE_OBJC_EXCEPTIONS = YES;
				GCC_VERSION = com.apple.compilers.llvm.clang.1_0;
				GCC_WARN_64_TO_32_BIT_CONVERSION = YES;
				GCC_WARN_ABOUT_MISSING_PROTOTYPES = YES;
				GCC_WARN_ABOUT_RETURN_TYPE = YES;
				GCC_WARN_UNUSED_VARIABLE = YES;
				HEADER_SEARCH_PATHS = "";
				LIBRARY_SEARCH_PATHS = "";
				MACOSX_DEPLOYMENT_TARGET = 10.6;
				OTHER_LDFLAGS = "-lbfd";
				SDKROOT = macosx;
			};
			name = Release;
		};
		497525B113BE3A1F00909F66 /* Debug */ = {
			isa = XCBuildConfiguration;
			buildSettings = {
				GCC_PRECOMPILE_PREFIX_HEADER = YES;
				GCC_PREFIX_HEADER = "avrsim/avrsim-Prefix.pch";
				INFOPLIST_FILE = "avrsim/avrsim-Info.plist";
				PRODUCT_NAME = "$(TARGET_NAME)";
				WRAPPER_EXTENSION = app;
			};
			name = Debug;
		};
		497525B213BE3A1F00909F66 /* Release */ = {
			isa = XCBuildConfiguration;
			buildSettings = {
				GCC_PRECOMPILE_PREFIX_HEADER = YES;
				GCC_PREFIX_HEADER = "avrsim/avrsim-Prefix.pch";
				INFOPLIST_FILE = "avrsim/avrsim-Info.plist";
				PRODUCT_NAME = "$(TARGET_NAME)";
				WRAPPER_EXTENSION = app;
			};
			name = Release;
		};
		497525B413BE3A1F00909F66 /* Debug */ = {
			isa = XCBuildConfiguration;
			buildSettings = {
				BUNDLE_LOADER = "$(BUILT_PRODUCTS_DIR)/avrsim.app/Contents/MacOS/avrsim";
				FRAMEWORK_SEARCH_PATHS = "$(DEVELOPER_LIBRARY_DIR)/Frameworks";
				GCC_PRECOMPILE_PREFIX_HEADER = YES;
				GCC_PREFIX_HEADER = "avrsim/avrsim-Prefix.pch";
				INFOPLIST_FILE = "avrsimTests/avrsimTests-Info.plist";
				PRODUCT_NAME = "$(TARGET_NAME)";
				TEST_HOST = "$(BUNDLE_LOADER)";
				WRAPPER_EXTENSION = octest;
			};
			name = Debug;
		};
		497525B513BE3A1F00909F66 /* Release */ = {
			isa = XCBuildConfiguration;
			buildSettings = {
				BUNDLE_LOADER = "$(BUILT_PRODUCTS_DIR)/avrsim.app/Contents/MacOS/avrsim";
				FRAMEWORK_SEARCH_PATHS = "$(DEVELOPER_LIBRARY_DIR)/Frameworks";
				GCC_PRECOMPILE_PREFIX_HEADER = YES;
				GCC_PREFIX_HEADER = "avrsim/avrsim-Prefix.pch";
				INFOPLIST_FILE = "avrsimTests/avrsimTests-Info.plist";
				PRODUCT_NAME = "$(TARGET_NAME)";
				TEST_HOST = "$(BUNDLE_LOADER)";
				WRAPPER_EXTENSION = octest;
			};
			name = Release;
		};
/* End XCBuildConfiguration section */

/* Begin XCConfigurationList section */
		4975257413BE3A1E00909F66 /* Build configuration list for PBXProject "avrsim" */ = {
			isa = XCConfigurationList;
			buildConfigurations = (
				497525AE13BE3A1F00909F66 /* Debug */,
				497525AF13BE3A1F00909F66 /* Release */,
			);
			defaultConfigurationIsVisible = 0;
			defaultConfigurationName = Release;
		};
		497525B013BE3A1F00909F66 /* Build configuration list for PBXNativeTarget "avrsim" */ = {
			isa = XCConfigurationList;
			buildConfigurations = (
				497525B113BE3A1F00909F66 /* Debug */,
				497525B213BE3A1F00909F66 /* Release */,
			);
			defaultConfigurationIsVisible = 0;
			defaultConfigurationName = Release;
		};
		497525B313BE3A1F00909F66 /* Build configuration list for PBXNativeTarget "avrsimTests" */ = {
			isa = XCConfigurationList;
			buildConfigurations = (
				497525B413BE3A1F00909F66 /* Debug */,
				497525B513BE3A1F00909F66 /* Release */,
			);
			defaultConfigurationIsVisible = 0;
			defaultConfigurationName = Release;
		};
/* End XCConfigurationList section */

/* Begin XCVersionGroup section */
		4975259613BE3A1E00909F66 /* avrsim.xcdatamodeld */ = {
			isa = XCVersionGroup;
			children = (
				4975259713BE3A1E00909F66 /* avrsim.xcdatamodel */,
			);
			currentVersion = 4975259713BE3A1E00909F66 /* avrsim.xcdatamodel */;
			path = avrsim.xcdatamodeld;
			sourceTree = "<group>";
			versionGroupType = wrapper.xcdatamodel;
		};
/* End XCVersionGroup section */
	};
	rootObject = 4975257113BE3A1E00909F66 /* Project object */;
}
